
Microsoft Visual Studio Solution File, Format Version 12.00
# Visual Studio 15
VisualStudioVersion = 15.0.28307.1340
MinimumVisualStudioVersion = 10.0.40219.1
Project("{FAE04EC0-301F-11D3-BF4B-00C04F79EFBC}") = "ruap-lv6ML", "ruap-lv6ML\ruap-lv6ML.csproj", "{CE790F54-760A-4168-928B-F9456915DF94}"
EndProject
Global
	GlobalSection(SolutionConfigurationPlatforms) = preSolution
		Debug|Any CPU = Debug|Any CPU
		Release|Any CPU = Release|Any CPU
	EndGlobalSection
	GlobalSection(ProjectConfigurationPlatforms) = postSolution
		{CE790F54-760A-4168-928B-F9456915DF94}.Debug|Any CPU.ActiveCfg = Debug|Any CPU
		{CE790F54-760A-4168-928B-F9456915DF94}.Debug|Any CPU.Build.0 = Debug|Any CPU
		{CE790F54-760A-4168-928B-F9456915DF94}.Release|Any CPU.ActiveCfg = Release|Any CPU
		{CE790F54-760A-4168-928B-F9456915DF94}.Release|Any CPU.Build.0 = Release|Any CPU
	EndGlobalSection
	GlobalSection(SolutionProperties) = preSolution
		HideSolutionNode = FALSE
	EndGlobalSection
	GlobalSection(ExtensibilityGlobals) = postSolution
		SolutionGuid = {7A32DF19-C0EE-496A-91C6-AD0A98CBCECC}
	EndGlobalSection
EndGlobal
